
Microsoft Visual Studio Solution File, Format Version 12.00
# Visual Studio Version 17
VisualStudioVersion = 17.2.32630.192
MinimumVisualStudioVersion = 10.0.40219.1
Project("{FAE04EC0-301F-11D3-BF4B-00C04F79EFBC}") = "ETickets", "ETickets\ETickets.csproj", "{AA78D023-9523-48C4-8AAB-6CB412EF0C5E}"
EndProject
Global
	GlobalSection(SolutionConfigurationPlatforms) = preSolution
		Debug|Any CPU = Debug|Any CPU
		Release|Any CPU = Release|Any CPU
	EndGlobalSection
	GlobalSection(ProjectConfigurationPlatforms) = postSolution
		{AA78D023-9523-48C4-8AAB-6CB412EF0C5E}.Debug|Any CPU.ActiveCfg = Debug|Any CPU
		{AA78D023-9523-48C4-8AAB-6CB412EF0C5E}.Debug|Any CPU.Build.0 = Debug|Any CPU
		{AA78D023-9523-48C4-8AAB-6CB412EF0C5E}.Release|Any CPU.ActiveCfg = Release|Any CPU
		{AA78D023-9523-48C4-8AAB-6CB412EF0C5E}.Release|Any CPU.Build.0 = Release|Any CPU
	EndGlobalSection
	GlobalSection(SolutionProperties) = preSolution
		HideSolutionNode = FALSE
	EndGlobalSection
	GlobalSection(ExtensibilityGlobals) = postSolution
		SolutionGuid = {4102C05E-6349-4CD4-9C3E-C59A37B25412}
	EndGlobalSection
EndGlobal
